
Microsoft Visual Studio Solution File, Format Version 12.00
# Visual Studio Version 17
VisualStudioVersion = 17.3.32825.248
MinimumVisualStudioVersion = 10.0.40219.1
Project("{FAE04EC0-301F-11D3-BF4B-00C04F79EFBC}") = "Labb3", "Labb3\Labb3.csproj", "{B520A21C-6F7D-4A1C-921A-19ED27029D04}"
EndProject
Global
	GlobalSection(SolutionConfigurationPlatforms) = preSolution
		Debug|Any CPU = Debug|Any CPU
		Release|Any CPU = Release|Any CPU
	EndGlobalSection
	GlobalSection(ProjectConfigurationPlatforms) = postSolution
		{B520A21C-6F7D-4A1C-921A-19ED27029D04}.Debug|Any CPU.ActiveCfg = Debug|Any CPU
		{B520A21C-6F7D-4A1C-921A-19ED27029D04}.Debug|Any CPU.Build.0 = Debug|Any CPU
		{B520A21C-6F7D-4A1C-921A-19ED27029D04}.Release|Any CPU.ActiveCfg = Release|Any CPU
		{B520A21C-6F7D-4A1C-921A-19ED27029D04}.Release|Any CPU.Build.0 = Release|Any CPU
	EndGlobalSection
	GlobalSection(SolutionProperties) = preSolution
		HideSolutionNode = FALSE
	EndGlobalSection
	GlobalSection(ExtensibilityGlobals) = postSolution
		SolutionGuid = {460EFA4F-16BF-43D1-9A5C-6531725E9DF9}
	EndGlobalSection
EndGlobal
